{
  "meteor": {
    "git": "https://github.com/meteor/meteor.git",
    "branch": "master",
    "commit": "2d8b41a87cec884489ead138b5dfea31487363f3"
  },
  "dependencies": {
    "basePackages": {
      "stylus-mixin": {},
      "jade-handlebars": {},
      "jquery-ui": {}
    },
    "packages": {
      "stylus-mixin": {
        "git": "https://github.com/Charuru/stylus-mixin.git",
        "tag": "v1.1.0",
        "commit": "30483b684d044c09209882ed49fa4a9907300fcf"
      },
      "jade-handlebars": {
        "git": "https://github.com/SimonDegraeve/meteor-jade-handlebars.git",
        "tag": "v0.2.7",
        "commit": "82f6f9ac43a68ffabe1d9b9620be2a4ca6790b56"
      },
      "jquery-ui": {
        "git": "https://github.com/TimHeckel/meteor-jquery-ui.git",
        "tag": "v1.8.16",
        "commit": "abda12134b8f3c5db31d6a4864bead6aa3640358"
      }
    }
  }
}
